{
  "requires": true,
  "lockfileVersion": 1,
  "dependencies": {
    "super-hands": {
      "version": "3.0.1",
      "resolved": "https://registry.npmjs.org/super-hands/-/super-hands-3.0.1.tgz",
      "integrity": "sha512-hRoCS3quKB+u2m3ANcTmloSnaTFSTJjoHm01hFQO/1C0JRZdmhzkIZz1FWYVQYAJCsGE3Mu1p1PCdld6s4hXdA=="
    }
  }
}
